
Microsoft Visual Studio Solution File, Format Version 12.00
# Visual Studio Version 16
VisualStudioVersion = 16.0.28803.202
MinimumVisualStudioVersion = 10.0.40219.1
Project("{9A19103F-16F7-4668-BE54-9A1E7A4F7556}") = "Moviegram API", "Moviegram API\Moviegram API.csproj", "{072E4645-112A-4479-A7DE-06EDC9509076}"
EndProject
Project("{9A19103F-16F7-4668-BE54-9A1E7A4F7556}") = "Moviegram.Domain", "Moviegram.Domain\Moviegram.Domain.csproj", "{4C732418-4682-4901-963E-F49975D291DF}"
EndProject
Project("{9A19103F-16F7-4668-BE54-9A1E7A4F7556}") = "Moviegram.Database", "Moviegram.Database\Moviegram.Database.csproj", "{6C2E54F9-C32E-4391-8EAD-15C3B3D3EDC2}"
EndProject
Project("{FAE04EC0-301F-11D3-BF4B-00C04F79EFBC}") = "Moviegram.Tests", "Moviegram.Tests\Moviegram.Tests.csproj", "{C61515DF-07E6-474C-A5DF-CBBDED3F439C}"
EndProject
Global
	GlobalSection(SolutionConfigurationPlatforms) = preSolution
		Debug|Any CPU = Debug|Any CPU
		Release|Any CPU = Release|Any CPU
	EndGlobalSection
	GlobalSection(ProjectConfigurationPlatforms) = postSolution
		{072E4645-112A-4479-A7DE-06EDC9509076}.Debug|Any CPU.ActiveCfg = Debug|Any CPU
		{072E4645-112A-4479-A7DE-06EDC9509076}.Debug|Any CPU.Build.0 = Debug|Any CPU
		{072E4645-112A-4479-A7DE-06EDC9509076}.Release|Any CPU.ActiveCfg = Release|Any CPU
		{072E4645-112A-4479-A7DE-06EDC9509076}.Release|Any CPU.Build.0 = Release|Any CPU
		{4C732418-4682-4901-963E-F49975D291DF}.Debug|Any CPU.ActiveCfg = Debug|Any CPU
		{4C732418-4682-4901-963E-F49975D291DF}.Debug|Any CPU.Build.0 = Debug|Any CPU
		{4C732418-4682-4901-963E-F49975D291DF}.Release|Any CPU.ActiveCfg = Release|Any CPU
		{4C732418-4682-4901-963E-F49975D291DF}.Release|Any CPU.Build.0 = Release|Any CPU
		{6C2E54F9-C32E-4391-8EAD-15C3B3D3EDC2}.Debug|Any CPU.ActiveCfg = Debug|Any CPU
		{6C2E54F9-C32E-4391-8EAD-15C3B3D3EDC2}.Debug|Any CPU.Build.0 = Debug|Any CPU
		{6C2E54F9-C32E-4391-8EAD-15C3B3D3EDC2}.Release|Any CPU.ActiveCfg = Release|Any CPU
		{6C2E54F9-C32E-4391-8EAD-15C3B3D3EDC2}.Release|Any CPU.Build.0 = Release|Any CPU
		{C61515DF-07E6-474C-A5DF-CBBDED3F439C}.Debug|Any CPU.ActiveCfg = Debug|Any CPU
		{C61515DF-07E6-474C-A5DF-CBBDED3F439C}.Debug|Any CPU.Build.0 = Debug|Any CPU
		{C61515DF-07E6-474C-A5DF-CBBDED3F439C}.Release|Any CPU.ActiveCfg = Release|Any CPU
		{C61515DF-07E6-474C-A5DF-CBBDED3F439C}.Release|Any CPU.Build.0 = Release|Any CPU
	EndGlobalSection
	GlobalSection(SolutionProperties) = preSolution
		HideSolutionNode = FALSE
	EndGlobalSection
	GlobalSection(ExtensibilityGlobals) = postSolution
		SolutionGuid = {5D1A5252-2F5D-4E94-8AAA-39B6C858F61E}
	EndGlobalSection
EndGlobal
